
Microsoft Visual Studio Solution File, Format Version 12.00
# Visual Studio Version 17
VisualStudioVersion = 17.8.34525.116
MinimumVisualStudioVersion = 10.0.40219.1
Project("{9A19103F-16F7-4668-BE54-9A1E7A4F7556}") = "DataAccess", "DataAccess\DataAccess.csproj", "{24844B52-7418-40E2-94F3-7618EE6C6F58}"
EndProject
Project("{9A19103F-16F7-4668-BE54-9A1E7A4F7556}") = "Business", "Business\Business.csproj", "{814B3F07-A845-4527-B8E0-8BDFF595C71C}"
EndProject
Project("{9A19103F-16F7-4668-BE54-9A1E7A4F7556}") = "Entities", "Entities\Entities.csproj", "{58F27A26-B172-4E0A-A781-0F5C66F1E8D3}"
EndProject
Project("{9A19103F-16F7-4668-BE54-9A1E7A4F7556}") = "ConsoleUI", "ConsoleUI\ConsoleUI.csproj", "{A389310F-2F49-427B-96CE-08E6A495085D}"
EndProject
Project("{9A19103F-16F7-4668-BE54-9A1E7A4F7556}") = "Core", "Core\Core.csproj", "{EBC59131-8E74-4010-9838-73BE39131A36}"
EndProject
Project("{FAE04EC0-301F-11D3-BF4B-00C04F79EFBC}") = "Api", "Api\Api.csproj", "{C02328B1-90A6-4F89-A97E-949FCD75DE39}"
EndProject
Global
	GlobalSection(SolutionConfigurationPlatforms) = preSolution
		Debug|Any CPU = Debug|Any CPU
		Release|Any CPU = Release|Any CPU
	EndGlobalSection
	GlobalSection(ProjectConfigurationPlatforms) = postSolution
		{24844B52-7418-40E2-94F3-7618EE6C6F58}.Debug|Any CPU.ActiveCfg = Debug|Any CPU
		{24844B52-7418-40E2-94F3-7618EE6C6F58}.Debug|Any CPU.Build.0 = Debug|Any CPU
		{24844B52-7418-40E2-94F3-7618EE6C6F58}.Release|Any CPU.ActiveCfg = Release|Any CPU
		{24844B52-7418-40E2-94F3-7618EE6C6F58}.Release|Any CPU.Build.0 = Release|Any CPU
		{814B3F07-A845-4527-B8E0-8BDFF595C71C}.Debug|Any CPU.ActiveCfg = Debug|Any CPU
		{814B3F07-A845-4527-B8E0-8BDFF595C71C}.Debug|Any CPU.Build.0 = Debug|Any CPU
		{814B3F07-A845-4527-B8E0-8BDFF595C71C}.Release|Any CPU.ActiveCfg = Release|Any CPU
		{814B3F07-A845-4527-B8E0-8BDFF595C71C}.Release|Any CPU.Build.0 = Release|Any CPU
		{58F27A26-B172-4E0A-A781-0F5C66F1E8D3}.Debug|Any CPU.ActiveCfg = Debug|Any CPU
		{58F27A26-B172-4E0A-A781-0F5C66F1E8D3}.Debug|Any CPU.Build.0 = Debug|Any CPU
		{58F27A26-B172-4E0A-A781-0F5C66F1E8D3}.Release|Any CPU.ActiveCfg = Release|Any CPU
		{58F27A26-B172-4E0A-A781-0F5C66F1E8D3}.Release|Any CPU.Build.0 = Release|Any CPU
		{A389310F-2F49-427B-96CE-08E6A495085D}.Debug|Any CPU.ActiveCfg = Debug|Any CPU
		{A389310F-2F49-427B-96CE-08E6A495085D}.Debug|Any CPU.Build.0 = Debug|Any CPU
		{A389310F-2F49-427B-96CE-08E6A495085D}.Release|Any CPU.ActiveCfg = Release|Any CPU
		{A389310F-2F49-427B-96CE-08E6A495085D}.Release|Any CPU.Build.0 = Release|Any CPU
		{EBC59131-8E74-4010-9838-73BE39131A36}.Debug|Any CPU.ActiveCfg = Debug|Any CPU
		{EBC59131-8E74-4010-9838-73BE39131A36}.Debug|Any CPU.Build.0 = Debug|Any CPU
		{EBC59131-8E74-4010-9838-73BE39131A36}.Release|Any CPU.ActiveCfg = Release|Any CPU
		{EBC59131-8E74-4010-9838-73BE39131A36}.Release|Any CPU.Build.0 = Release|Any CPU
		{C02328B1-90A6-4F89-A97E-949FCD75DE39}.Debug|Any CPU.ActiveCfg = Debug|Any CPU
		{C02328B1-90A6-4F89-A97E-949FCD75DE39}.Debug|Any CPU.Build.0 = Debug|Any CPU
		{C02328B1-90A6-4F89-A97E-949FCD75DE39}.Release|Any CPU.ActiveCfg = Release|Any CPU
		{C02328B1-90A6-4F89-A97E-949FCD75DE39}.Release|Any CPU.Build.0 = Release|Any CPU
	EndGlobalSection
	GlobalSection(SolutionProperties) = preSolution
		HideSolutionNode = FALSE
	EndGlobalSection
	GlobalSection(ExtensibilityGlobals) = postSolution
		SolutionGuid = {F77AF471-FFA2-4091-851F-B1FDC896D31C}
	EndGlobalSection
EndGlobal
